github.com/AdaLogics/go-fuzz-headers v0.0.0-20230811130428-ced1acdcaa24 h1:bvDV9vkmnHYOMsOr4WLk+Vo07yKIzd94sVoIqshQ4bU=
github.com/AdaLogics/go-fuzz-headers v0.0.0-20230811130428-ced1acdcaa24/go.mod h1:8o94RPi1/7XTJvwPpRSzSUedZrtlirdB3r9Z20bi2f8=
github.com/Masterminds/semver/v3 v3.4.0 h1:Zog+i5UMtVoCU8oKka5P7i9q9HgrJeGzI9SA1Xbatp0=
github.com/Masterminds/semver/v3 v3.4.0/go.mod h1:4V+yj/TJE1HU9XfppCwVMZq3I84lprf4nC11bSS5beM=
github.com/creack/pty v1.1.9/go.mod h1:oKZEueFk5CKHvIhNR5MUki03XCEU+Q6VDXinZuGJ33E=
github.com/davecgh/go-spew v1.1.2-0.20180830191138-d8f796af33cc h1:U9qPSI2PIWSS1VwoXQT9A3Wy9MM3WgvqSxFWenqJduM=
github.com/davecgh/go-spew v1.1.2-0.20180830191138-d8f796af33cc/go.mod h1:J7Y8YcW2NihsgmVo/mv3lAwl/skON4iLHjSsI+c5H38=
github.com/dylibso/observe-sdk/go v0.0.0-20240819160327-2d926c5d788a h1:UwSIFv5g5lIvbGgtf3tVwC7Ky9rmMFBp0RMs+6f6YqE=
github.com/dylibso/observe-sdk/go v0.0.0-20240819160327-2d926c5d788a/go.mod h1:C8DzXehI4zAbrdlbtOByKX6pfivJTBiV9Jjqv56Yd9Q=
github.com/extism/go-pdk v1.1.3 h1:hfViMPWrqjN6u67cIYRALZTZLk/enSPpNKa+rZ9X2SQ=
github.com/extism/go-pdk v1.1.3/go.mod h1:Gz+LIU/YCKnKXhgge8yo5Yu1F/lbv7KtKFkiCSzW/P4=
github.com/extism/go-sdk v1.7.1 h1:lWJos6uY+tRFdlIHR+SJjwFDApY7OypS/2nMhiVQ9Sw=
github.com/extism/go-sdk v1.7.1/go.mod h1:IT+Xdg5AZM9hVtpFUA+uZCJMge/hbvshl8bwzLtFyKA=
github.com/gobwas/glob v0.2.3 h1:A4xDbljILXROh+kObIiy5kIaPYD8e96x1tgBhUI5J+Y=
github.com/gobwas/glob v0.2.3/go.mod h1:d3Ez4x06l9bZtSvzIay5+Yzi0fmZzPgnTbPcKjJAkT8=
github.com/google/go-cmp v0.7.0 h1:wk8382ETsv4JYUZwIsn6YpYiWiBsYLSJiTsyBybVuN8=
github.com/google/go-cmp v0.7.0/go.mod h1:pXiqmnSA92OHEEa9HXL2W4E7lf9JzCmGVUdgjX3N/iU=
github.com/ianlancetaylor/demangle v0.0.0-20240805132620-81f5be970eca h1:T54Ema1DU8ngI+aef9ZhAhNGQhcRTrWxVeG07F+c/Rw=
github.com/ianlancetaylor/demangle v0.0.0-20240805132620-81f5be970eca/go.mod h1:gx7rwoVhcfuVKG5uya9Hs3Sxj7EIvldVofAWIUtGouw=
github.com/kr/pretty v0.2.1/go.mod h1:ipq/a2n7PKx3OHsz4KJII5eveXtPO4qwEXGdVfWzfnI=
github.com/kr/pretty v0.3.1 h1:flRD4NNwYAUpkphVc1HcthR4KEIFJ65n8Mw5qdRn3LE=
github.com/kr/pretty v0.3.1/go.mod h1:hoEshYVHaxMs3cyo3Yncou5ZscifuDolrwPKZanG3xk=
github.com/kr/pty v1.1.1/go.mod h1:pFQYn66WHrOpPYNljwOMqo10TkYh1fy3cYio2l3bCsQ=
github.com/kr/text v0.1.0/go.mod h1:4Jbv+DJW3UT/LiOwJeYQe1efqtUx/iVham/4vfdArNI=
github.com/kr/text v0.2.0 h1:5Nx0Ya0ZqY2ygV366QzturHI13Jq95ApcVaJBhpS+AY=
github.com/kr/text v0.2.0/go.mod h1:eLer722TekiGuMkidMxC/pM04lWEeraHUUmBw8l2grE=
github.com/pkg/diff v0.0.0-20210226163009-20ebb0f2a09e/go.mod h1:pJLUxLENpZxwdsKMEsNbx1VGcRFpLqf3715MtcvvzbA=
github.com/pmezard/go-difflib v1.0.1-0.20181226105442-5d4384ee4fb2 h1:Jamvg5psRIccs7FGNTlIRMkT8wgtp5eCXdBlqhYGL6U=
github.com/pmezard/go-difflib v1.0.1-0.20181226105442-5d4384ee4fb2/go.mod h1:iKH77koFhYxTK1pcRnkKkqfTogsbg7gZNVY4sRDYZ/4=
github.com/rogpeppe/go-internal v1.9.0/go.mod h1:WtVeX8xhTBvf0smdhujwtBcq4Qrzq/fJaraNFVN+nFs=
github.com/rogpeppe/go-internal v1.13.1 h1:KvO1DLK/DRN07sQ1LQKScxyZJuNnedQ5/wKSR38lUII=
github.com/rogpeppe/go-internal v1.13.1/go.mod h1:uMEvuHeurkdAXX61udpOXGD/AzZDWNMNyH2VO9fmH0o=
github.com/stretchr/testify v1.10.0 h1:Xv5erBjTwe/5IxqUQTdXv5kgmIvbHo3QQyRwhJsOfJA=
github.com/stretchr/testify v1.10.0/go.mod h1:r2ic/lqez/lEtzL7wO/rwa5dbSLXVDPFyf8C91i36aY=
github.com/tetratelabs/wabin v0.0.0-20230304001439-f6f874872834 h1:ZF+QBjOI+tILZjBaFj3HgFonKXUcwgJ4djLb6i42S3Q=
github.com/tetratelabs/wabin v0.0.0-20230304001439-f6f874872834/go.mod h1:m9ymHTgNSEjuxvw8E7WWe4Pl4hZQHXONY8wE6dMLaRk=
github.com/tetratelabs/wazero v1.9.0 h1:IcZ56OuxrtaEz8UYNRHBrUa9bYeX9oVY93KspZZBf/I=
github.com/tetratelabs/wazero v1.9.0/go.mod h1:TSbcXCfFP0L2FGkRPxHphadXPjo1T6W+CseNNY7EkjM=
go.opentelemetry.io/proto/otlp v1.4.0 h1:TA9WRvW6zMwP+Ssb6fLoUIuirti1gGbP28GcKG1jgeg=
go.opentelemetry.io/proto/otlp v1.4.0/go.mod h1:PPBWZIP98o2ElSqI35IHfu7hIhSwvc5N38Jw8pXuGFY=
go.yaml.in/yaml/v2 v2.4.2 h1:DzmwEr2rDGHl7lsFgAHxmNz/1NlQ7xLIrlN2h5d1eGI=
go.yaml.in/yaml/v2 v2.4.2/go.mod h1:081UH+NErpNdqlCXm3TtEran0rJZGxAYx9hb/ELlsPU=
go.yaml.in/yaml/v3 v3.0.4 h1:tfq32ie2Jv2UxXFdLJdh3jXuOzWiL1fo0bu/FbuKpbc=
go.yaml.in/yaml/v3 v3.0.4/go.mod h1:DhzuOOF2ATzADvBadXxruRBLzYTpT36CKvDb3+aBEFg=
google.golang.org/protobuf v1.36.6 h1:z1NpPI8ku2WgiWnf+t9wTPsn6eP1L7ksHUlkfLvd9xY=
google.golang.org/protobuf v1.36.6/go.mod h1:jduwjTPXsFjZGTmRluh+L6NjiWu7pchiJ2/5YcXBHnY=
gopkg.in/check.v1 v0.0.0-20161208181325-20d25e280405/go.mod h1:Co6ibVJAznAaIkqp8huTwlJQCZ016jof/cbN4VW5Yz0=
gopkg.in/check.v1 v1.0.0-20201130134442-10cb98267c6c h1:Hei/4ADfdWqJk1ZMxUNpqntNwaWcugrBjAiHlqqRiVk=
gopkg.in/check.v1 v1.0.0-20201130134442-10cb98267c6c/go.mod h1:JHkPIbrfpd72SG/EVd6muEfDQjcINNoR0C8j2r3qZ4Q=
gopkg.in/yaml.v3 v3.0.1 h1:fxVm/GzAzEWqLHuvctI91KS9hhNmmWOoWu0XTYJS7CA=
gopkg.in/yaml.v3 v3.0.1/go.mod h1:K4uyk7z7BCEPqu6E+C64Yfv1cQ7kz7rIZviUmN+EgEM=
helm.sh/helm/v4 v4.0.0-20250811142410-523d0b305e6f h1:LPX5CnxuVtLgjBUpFhVwg22+flwbzwjlxO6/caN/1V8=
helm.sh/helm/v4 v4.0.0-20250811142410-523d0b305e6f/go.mod h1:Rm+y6MiDupY5Ej86jTK1hk+8/SWoFUGdY4lzvhXfZ04=
k8s.io/apimachinery v0.33.3 h1:4ZSrmNa0c/ZpZJhAgRdcsFcZOw1PQU1bALVQ0B3I5LA=
k8s.io/apimachinery v0.33.3/go.mod h1:BHW0YOu7n22fFv/JkYOEfkUYNRN0fj0BlvMFWA7b+SM=
sigs.k8s.io/json v0.0.0-20241014173422-cfa47c3a1cc8 h1:gBQPwqORJ8d8/YNZWEjoZs7npUVDpVXUUOFfW6CgAqE=
sigs.k8s.io/json v0.0.0-20241014173422-cfa47c3a1cc8/go.mod h1:mdzfpAEoE6DHQEN0uh9ZbOCuHbLK5wOm7dK4ctXE9Tg=
sigs.k8s.io/yaml v1.6.0 h1:G8fkbMSAFqgEFgh4b1wmtzDnioxFCUgTZhlbj5P9QYs=
sigs.k8s.io/yaml v1.6.0/go.mod h1:796bPqUfzR/0jLAl6XjHl3Ck7MiyVv8dbTdyT3/pMf4=
